# This file is automatically @generated by Cargo.
# It is not intended for manual editing.
version = 4

[[package]]
name = "vyges-loom"
version = "0.0.3"
source = "git+https://github.com/vyges-tools/loom?branch=main#dac35a1fb39a29db2e17d13c9a937e43929f6c2d"

[[package]]
name = "vyges-sta-si"
version = "0.1.8"
dependencies = [
 "vyges-loom",
]
