# This file is automatically @generated by Cargo.
# It is not intended for manual editing.
version = 4

[[package]]
name = "vyges-loom"
version = "0.1.10"
source = "git+https://github.com/vyges-tools/loom?branch=main#837321f0e8bade37d2beae285b271b88bf282b75"

[[package]]
name = "vyges-sta-si"
version = "0.1.12"
dependencies = [
 "vyges-loom",
]
